
Microsoft Visual Studio Solution File, Format Version 12.00
# Visual Studio Version 17
VisualStudioVersion = 17.6.33815.320
MinimumVisualStudioVersion = 10.0.40219.1
Project("{FAE04EC0-301F-11D3-BF4B-00C04F79EFBC}") = "API", "API\API.csproj", "{ACEAED46-7A50-4299-9217-D74CCDAC0E8F}"
EndProject
Global
	GlobalSection(SolutionConfigurationPlatforms) = preSolution
		Debug|Any CPU = Debug|Any CPU
		Release|Any CPU = Release|Any CPU
	EndGlobalSection
	GlobalSection(ProjectConfigurationPlatforms) = postSolution
		{ACEAED46-7A50-4299-9217-D74CCDAC0E8F}.Debug|Any CPU.ActiveCfg = Debug|Any CPU
		{ACEAED46-7A50-4299-9217-D74CCDAC0E8F}.Debug|Any CPU.Build.0 = Debug|Any CPU
		{ACEAED46-7A50-4299-9217-D74CCDAC0E8F}.Release|Any CPU.ActiveCfg = Release|Any CPU
		{ACEAED46-7A50-4299-9217-D74CCDAC0E8F}.Release|Any CPU.Build.0 = Release|Any CPU
	EndGlobalSection
	GlobalSection(SolutionProperties) = preSolution
		HideSolutionNode = FALSE
	EndGlobalSection
	GlobalSection(ExtensibilityGlobals) = postSolution
		SolutionGuid = {6792E69E-9EEC-4EEA-9F65-5EF62B3E3892}
	EndGlobalSection
EndGlobal
